PODS:
  - SnapKit (5.0.1)
  - SwiftHEXColors (1.4.1)

DEPENDENCIES:
  - SnapKit
  - SwiftHEXColors

SPEC REPOS:
  https://github.com/CocoaPods/Specs.git:
    - SwiftHEXColors
  trunk:
    - SnapKit

SPEC CHECKSUMS:
  SnapKit: 97b92857e3df3a0c71833cce143274bf6ef8e5eb
  SwiftHEXColors: 1cb6e5d55c52749aa33db8f088ac55eb71ca4c7f

PODFILE CHECKSUM: 1a446b0c746bf79472a805024d740a5c7257c7ce

COCOAPODS: 1.10.1
